
Microsoft Visual Studio Solution File, Format Version 12.00
# Visual Studio 15
VisualStudioVersion = 15.0.28307.421
MinimumVisualStudioVersion = 10.0.40219.1
Project("{FAE04EC0-301F-11D3-BF4B-00C04F79EFBC}") = "ElektronikSimulator", "ElektronikSimulator\ElektronikSimulator.csproj", "{5C2E26AA-5B0A-4115-BA1C-C94169CC5DBD}"
EndProject
Global
	GlobalSection(SolutionConfigurationPlatforms) = preSolution
		Debug|Any CPU = Debug|Any CPU
		Release|Any CPU = Release|Any CPU
	EndGlobalSection
	GlobalSection(ProjectConfigurationPlatforms) = postSolution
		{5C2E26AA-5B0A-4115-BA1C-C94169CC5DBD}.Debug|Any CPU.ActiveCfg = Debug|Any CPU
		{5C2E26AA-5B0A-4115-BA1C-C94169CC5DBD}.Debug|Any CPU.Build.0 = Debug|Any CPU
		{5C2E26AA-5B0A-4115-BA1C-C94169CC5DBD}.Release|Any CPU.ActiveCfg = Release|Any CPU
		{5C2E26AA-5B0A-4115-BA1C-C94169CC5DBD}.Release|Any CPU.Build.0 = Release|Any CPU
	EndGlobalSection
	GlobalSection(SolutionProperties) = preSolution
		HideSolutionNode = FALSE
	EndGlobalSection
	GlobalSection(ExtensibilityGlobals) = postSolution
		SolutionGuid = {B9402189-9C23-42A0-A978-2D7EE16BC3F7}
	EndGlobalSection
EndGlobal
